// !$*UTF8*$!
{
	archiveVersion = 1;
	classes = {
	};
	objectVersion = 46;
	objects = {

/* Begin PBXBuildFile section */
		009BF76E21673160004CCBD7 /* Internal.swift in Sources */ = {isa = PBXBuildFile; fileRef = 009BF76D21673160004CCBD7 /* Internal.swift */; };
		009BF77121673362004CCBD7 /* Internal+Product.swift in Sources */ = {isa = PBXBuildFile; fileRef = 009BF77021673362004CCBD7 /* Internal+Product.swift */; };
		009BF77421673437004CCBD7 /* Internal+InAppPurchase.swift in Sources */ = {isa = PBXBuildFile; fileRef = 009BF77321673437004CCBD7 /* Internal+InAppPurchase.swift */; };
		930FAD861FEA89D3003181D8 /* InAppPurchaseIntegrationTests.swift in Sources */ = {isa = PBXBuildFile; fileRef = 930FAD851FEA89D3003181D8 /* InAppPurchaseIntegrationTests.swift */; };
		93396ACC25820F8B006ABE59 /* ReceiptRefreshProvider.swift in Sources */ = {isa = PBXBuildFile; fileRef = 93396ACB25820F8B006ABE59 /* ReceiptRefreshProvider.swift */; };
		93396AD0258217BF006ABE59 /* ReceiptRefreshProviderTests.swift in Sources */ = {isa = PBXBuildFile; fileRef = 93396ACF258217BF006ABE59 /* ReceiptRefreshProviderTests.swift */; };
		93396AEA25825467006ABE59 /* InAppPurchaseStubs.h in Headers */ = {isa = PBXBuildFile; fileRef = 93396ADC25825467006ABE59 /* InAppPurchaseStubs.h */; settings = {ATTRIBUTES = (Public, ); }; };
		93396AF225825585006ABE59 /* InAppPurchase.framework in Frameworks */ = {isa = PBXBuildFile; fileRef = 938BFA701F5E8411006A4C2A /* InAppPurchase.framework */; };
		93396AF325825585006ABE59 /* InAppPurchase.framework in Embed Frameworks */ = {isa = PBXBuildFile; fileRef = 938BFA701F5E8411006A4C2A /* InAppPurchase.framework */; settings = {ATTRIBUTES = (CodeSignOnCopy, RemoveHeadersOnCopy, ); }; };
		93396AFA25825CD0006ABE59 /* StubInAppPurchase.swift in Sources */ = {isa = PBXBuildFile; fileRef = 93C3297B1F5E8E2400F7A5E7 /* StubInAppPurchase.swift */; };
		93396AFB25825CD0006ABE59 /* StubPayment.swift in Sources */ = {isa = PBXBuildFile; fileRef = 938BFAA41F5E86ED006A4C2A /* StubPayment.swift */; };
		93396AFC25825CD0006ABE59 /* StubPaymentQueue.swift in Sources */ = {isa = PBXBuildFile; fileRef = 938BFAA61F5E86ED006A4C2A /* StubPaymentQueue.swift */; };
		93396AFD25825CD0006ABE59 /* StubPaymentTransaction.swift in Sources */ = {isa = PBXBuildFile; fileRef = 938BFAA71F5E86ED006A4C2A /* StubPaymentTransaction.swift */; };
		93396AFE25825CD0006ABE59 /* StubProduct.swift in Sources */ = {isa = PBXBuildFile; fileRef = 938BFAA81F5E86ED006A4C2A /* StubProduct.swift */; };
		93396AFF25825CD0006ABE59 /* StubProductsRequest.swift in Sources */ = {isa = PBXBuildFile; fileRef = 938BFAAA1F5E86ED006A4C2A /* StubProductsRequest.swift */; };
		93396B0025825CD0006ABE59 /* StubProductsResponse.swift in Sources */ = {isa = PBXBuildFile; fileRef = 938BFAAB1F5E86ED006A4C2A /* StubProductsResponse.swift */; };
		93396B0125825CD0006ABE59 /* StubSubscriptionPeriod.swift in Sources */ = {isa = PBXBuildFile; fileRef = 933BE10220D4A381002AA195 /* StubSubscriptionPeriod.swift */; };
		93396B0225825D28006ABE59 /* InAppPurchaseStubs.framework in Frameworks */ = {isa = PBXBuildFile; fileRef = 93396ADA25825467006ABE59 /* InAppPurchaseStubs.framework */; };
		93396B062582894F006ABE59 /* PaymentResponse.swift in Sources */ = {isa = PBXBuildFile; fileRef = 93396B052582894F006ABE59 /* PaymentResponse.swift */; };
		93396B0825828988006ABE59 /* PaymentState.swift in Sources */ = {isa = PBXBuildFile; fileRef = 93396B0725828988006ABE59 /* PaymentState.swift */; };
		93396B0A25828BE6006ABE59 /* StubPaymentResponse.swift in Sources */ = {isa = PBXBuildFile; fileRef = 93396B0925828BE6006ABE59 /* StubPaymentResponse.swift */; };
		938BFA7A1F5E8411006A4C2A /* InAppPurchase.framework in Frameworks */ = {isa = PBXBuildFile; fileRef = 938BFA701F5E8411006A4C2A /* InAppPurchase.framework */; };
		938BFA811F5E8411006A4C2A /* InAppPurchase.h in Headers */ = {isa = PBXBuildFile; fileRef = 938BFA731F5E8411006A4C2A /* InAppPurchase.h */; settings = {ATTRIBUTES = (Public, ); }; };
		938BFA981F5E856D006A4C2A /* PaymentProvider.swift in Sources */ = {isa = PBXBuildFile; fileRef = 938BFA941F5E856D006A4C2A /* PaymentProvider.swift */; };
		938BFA991F5E856D006A4C2A /* ProductProvider.swift in Sources */ = {isa = PBXBuildFile; fileRef = 938BFA951F5E856D006A4C2A /* ProductProvider.swift */; };
		938BFA9B1F5E856D006A4C2A /* InAppPurchase.swift in Sources */ = {isa = PBXBuildFile; fileRef = 938BFA971F5E856D006A4C2A /* InAppPurchase.swift */; };
		938BFAA01F5E8697006A4C2A /* PaymentProviderTests.swift in Sources */ = {isa = PBXBuildFile; fileRef = 938BFA9D1F5E8697006A4C2A /* PaymentProviderTests.swift */; };
		938BFAA11F5E8697006A4C2A /* ProductProviderTests.swift in Sources */ = {isa = PBXBuildFile; fileRef = 938BFA9E1F5E8697006A4C2A /* ProductProviderTests.swift */; };
		93BCD5B325CA4B590072EEB1 /* StubProductProvider.swift in Sources */ = {isa = PBXBuildFile; fileRef = 93BCD5AF25CA4B590072EEB1 /* StubProductProvider.swift */; };
		93BCD5B425CA4B590072EEB1 /* StubPaymentProvider.swift in Sources */ = {isa = PBXBuildFile; fileRef = 93BCD5B025CA4B590072EEB1 /* StubPaymentProvider.swift */; };
		93BCD5B525CA4B590072EEB1 /* StubReceiptRefreshProvider.swift in Sources */ = {isa = PBXBuildFile; fileRef = 93BCD5B125CA4B590072EEB1 /* StubReceiptRefreshProvider.swift */; };
		93BCD5B625CA4B590072EEB1 /* StubReceiptRefreshRequest.swift in Sources */ = {isa = PBXBuildFile; fileRef = 93BCD5B225CA4B590072EEB1 /* StubReceiptRefreshRequest.swift */; };
		93C329721F5E8D0800F7A5E7 /* ProductTests.swift in Sources */ = {isa = PBXBuildFile; fileRef = 93C329711F5E8D0800F7A5E7 /* ProductTests.swift */; };
		93C329741F5E8D1D00F7A5E7 /* PaymentTransactionTests.swift in Sources */ = {isa = PBXBuildFile; fileRef = 93C329731F5E8D1D00F7A5E7 /* PaymentTransactionTests.swift */; };
		93C329761F5E8D6100F7A5E7 /* Product.swift in Sources */ = {isa = PBXBuildFile; fileRef = 93C329751F5E8D6100F7A5E7 /* Product.swift */; };
		93C329781F5E8D8000F7A5E7 /* PaymentTransaction.swift in Sources */ = {isa = PBXBuildFile; fileRef = 93C329771F5E8D8000F7A5E7 /* PaymentTransaction.swift */; };
		93C3297A1F5E8E0C00F7A5E7 /* InAppPurchaseTests.swift in Sources */ = {isa = PBXBuildFile; fileRef = 93C329791F5E8E0C00F7A5E7 /* InAppPurchaseTests.swift */; };
/* End PBXBuildFile section */

/* Begin PBXContainerItemProxy section */
		93396AF425825585006ABE59 /* PBXContainerItemProxy */ = {
			isa = PBXContainerItemProxy;
			containerPortal = 938BFA671F5E8411006A4C2A /* Project object */;
			proxyType = 1;
			remoteGlobalIDString = 938BFA6F1F5E8411006A4C2A;
			remoteInfo = InAppPurchase;
		};
		938BFA7B1F5E8411006A4C2A /* PBXContainerItemProxy */ = {
			isa = PBXContainerItemProxy;
			containerPortal = 938BFA671F5E8411006A4C2A /* Project object */;
			proxyType = 1;
			remoteGlobalIDString = 938BFA6F1F5E8411006A4C2A;
			remoteInfo = InAppPurchase;
		};
/* End PBXContainerItemProxy section */

/* Begin PBXCopyFilesBuildPhase section */
		93396AF625825585006ABE59 /* Embed Frameworks */ = {
			isa = PBXCopyFilesBuildPhase;
			buildActionMask = 2147483647;
			dstPath = "";
			dstSubfolderSpec = 10;
			files = (
				93396AF325825585006ABE59 /* InAppPurchase.framework in Embed Frameworks */,
			);
			name = "Embed Frameworks";
			runOnlyForDeploymentPostprocessing = 0;
		};
/* End PBXCopyFilesBuildPhase section */

/* Begin PBXFileReference section */
		009BF76D21673160004CCBD7 /* Internal.swift */ = {isa = PBXFileReference; lastKnownFileType = sourcecode.swift; path = Internal.swift; sourceTree = "<group>"; };
		009BF77021673362004CCBD7 /* Internal+Product.swift */ = {isa = PBXFileReference; lastKnownFileType = sourcecode.swift; path = "Internal+Product.swift"; sourceTree = "<group>"; };
		009BF77321673437004CCBD7 /* Internal+InAppPurchase.swift */ = {isa = PBXFileReference; lastKnownFileType = sourcecode.swift; path = "Internal+InAppPurchase.swift"; sourceTree = "<group>"; };
		930FAD851FEA89D3003181D8 /* InAppPurchaseIntegrationTests.swift */ = {isa = PBXFileReference; lastKnownFileType = sourcecode.swift; path = InAppPurchaseIntegrationTests.swift; sourceTree = "<group>"; };
		93396ACB25820F8B006ABE59 /* ReceiptRefreshProvider.swift */ = {isa = PBXFileReference; lastKnownFileType = sourcecode.swift; path = ReceiptRefreshProvider.swift; sourceTree = "<group>"; };
		93396ACF258217BF006ABE59 /* ReceiptRefreshProviderTests.swift */ = {isa = PBXFileReference; lastKnownFileType = sourcecode.swift; path = ReceiptRefreshProviderTests.swift; sourceTree = "<group>"; };
		93396ADA25825467006ABE59 /* InAppPurchaseStubs.framework */ = {isa = PBXFileReference; explicitFileType = wrapper.framework; includeInIndex = 0; path = InAppPurchaseStubs.framework; sourceTree = BUILT_PRODUCTS_DIR; };
		93396ADC25825467006ABE59 /* InAppPurchaseStubs.h */ = {isa = PBXFileReference; lastKnownFileType = sourcecode.c.h; path = InAppPurchaseStubs.h; sourceTree = "<group>"; };
		93396ADD25825467006ABE59 /* Info.plist */ = {isa = PBXFileReference; lastKnownFileType = text.plist.xml; path = Info.plist; sourceTree = "<group>"; };
		93396B052582894F006ABE59 /* PaymentResponse.swift */ = {isa = PBXFileReference; lastKnownFileType = sourcecode.swift; path = PaymentResponse.swift; sourceTree = "<group>"; };
		93396B0725828988006ABE59 /* PaymentState.swift */ = {isa = PBXFileReference; lastKnownFileType = sourcecode.swift; path = PaymentState.swift; sourceTree = "<group>"; };
		93396B0925828BE6006ABE59 /* StubPaymentResponse.swift */ = {isa = PBXFileReference; lastKnownFileType = sourcecode.swift; path = StubPaymentResponse.swift; sourceTree = "<group>"; };
		933BE10220D4A381002AA195 /* StubSubscriptionPeriod.swift */ = {isa = PBXFileReference; lastKnownFileType = sourcecode.swift; path = StubSubscriptionPeriod.swift; sourceTree = "<group>"; };
		938BFA701F5E8411006A4C2A /* InAppPurchase.framework */ = {isa = PBXFileReference; explicitFileType = wrapper.framework; includeInIndex = 0; path = InAppPurchase.framework; sourceTree = BUILT_PRODUCTS_DIR; };
		938BFA731F5E8411006A4C2A /* InAppPurchase.h */ = {isa = PBXFileReference; lastKnownFileType = sourcecode.c.h; path = InAppPurchase.h; sourceTree = "<group>"; };
		938BFA741F5E8411006A4C2A /* Info.plist */ = {isa = PBXFileReference; lastKnownFileType = text.plist.xml; path = Info.plist; sourceTree = "<group>"; };
		938BFA791F5E8411006A4C2A /* InAppPurchaseTests.xctest */ = {isa = PBXFileReference; explicitFileType = wrapper.cfbundle; includeInIndex = 0; path = InAppPurchaseTests.xctest; sourceTree = BUILT_PRODUCTS_DIR; };
		938BFA801F5E8411006A4C2A /* Info.plist */ = {isa = PBXFileReference; lastKnownFileType = text.plist.xml; path = Info.plist; sourceTree = "<group>"; };
		938BFA941F5E856D006A4C2A /* PaymentProvider.swift */ = {isa = PBXFileReference; fileEncoding = 4; lastKnownFileType = sourcecode.swift; path = PaymentProvider.swift; sourceTree = "<group>"; };
		938BFA951F5E856D006A4C2A /* ProductProvider.swift */ = {isa = PBXFileReference; fileEncoding = 4; lastKnownFileType = sourcecode.swift; path = ProductProvider.swift; sourceTree = "<group>"; };
		938BFA971F5E856D006A4C2A /* InAppPurchase.swift */ = {isa = PBXFileReference; fileEncoding = 4; lastKnownFileType = sourcecode.swift; path = InAppPurchase.swift; sourceTree = "<group>"; };
		938BFA9D1F5E8697006A4C2A /* PaymentProviderTests.swift */ = {isa = PBXFileReference; fileEncoding = 4; lastKnownFileType = sourcecode.swift; path = PaymentProviderTests.swift; sourceTree = "<group>"; };
		938BFA9E1F5E8697006A4C2A /* ProductProviderTests.swift */ = {isa = PBXFileReference; fileEncoding = 4; lastKnownFileType = sourcecode.swift; path = ProductProviderTests.swift; sourceTree = "<group>"; };
		938BFAA41F5E86ED006A4C2A /* StubPayment.swift */ = {isa = PBXFileReference; fileEncoding = 4; lastKnownFileType = sourcecode.swift; path = StubPayment.swift; sourceTree = "<group>"; };
		938BFAA61F5E86ED006A4C2A /* StubPaymentQueue.swift */ = {isa = PBXFileReference; fileEncoding = 4; lastKnownFileType = sourcecode.swift; path = StubPaymentQueue.swift; sourceTree = "<group>"; };
		938BFAA71F5E86ED006A4C2A /* StubPaymentTransaction.swift */ = {isa = PBXFileReference; fileEncoding = 4; lastKnownFileType = sourcecode.swift; path = StubPaymentTransaction.swift; sourceTree = "<group>"; };
		938BFAA81F5E86ED006A4C2A /* StubProduct.swift */ = {isa = PBXFileReference; fileEncoding = 4; lastKnownFileType = sourcecode.swift; path = StubProduct.swift; sourceTree = "<group>"; };
		938BFAAA1F5E86ED006A4C2A /* StubProductsRequest.swift */ = {isa = PBXFileReference; fileEncoding = 4; lastKnownFileType = sourcecode.swift; path = StubProductsRequest.swift; sourceTree = "<group>"; };
		938BFAAB1F5E86ED006A4C2A /* StubProductsResponse.swift */ = {isa = PBXFileReference; fileEncoding = 4; lastKnownFileType = sourcecode.swift; path = StubProductsResponse.swift; sourceTree = "<group>"; };
		93BCD5AF25CA4B590072EEB1 /* StubProductProvider.swift */ = {isa = PBXFileReference; fileEncoding = 4; lastKnownFileType = sourcecode.swift; path = StubProductProvider.swift; sourceTree = "<group>"; };
		93BCD5B025CA4B590072EEB1 /* StubPaymentProvider.swift */ = {isa = PBXFileReference; fileEncoding = 4; lastKnownFileType = sourcecode.swift; path = StubPaymentProvider.swift; sourceTree = "<group>"; };
		93BCD5B125CA4B590072EEB1 /* StubReceiptRefreshProvider.swift */ = {isa = PBXFileReference; fileEncoding = 4; lastKnownFileType = sourcecode.swift; path = StubReceiptRefreshProvider.swift; sourceTree = "<group>"; };
		93BCD5B225CA4B590072EEB1 /* StubReceiptRefreshRequest.swift */ = {isa = PBXFileReference; fileEncoding = 4; lastKnownFileType = sourcecode.swift; path = StubReceiptRefreshRequest.swift; sourceTree = "<group>"; };
		93C329711F5E8D0800F7A5E7 /* ProductTests.swift */ = {isa = PBXFileReference; fileEncoding = 4; lastKnownFileType = sourcecode.swift; path = ProductTests.swift; sourceTree = "<group>"; };
		93C329731F5E8D1D00F7A5E7 /* PaymentTransactionTests.swift */ = {isa = PBXFileReference; fileEncoding = 4; lastKnownFileType = sourcecode.swift; path = PaymentTransactionTests.swift; sourceTree = "<group>"; };
		93C329751F5E8D6100F7A5E7 /* Product.swift */ = {isa = PBXFileReference; fileEncoding = 4; lastKnownFileType = sourcecode.swift; path = Product.swift; sourceTree = "<group>"; };
		93C329771F5E8D8000F7A5E7 /* PaymentTransaction.swift */ = {isa = PBXFileReference; fileEncoding = 4; lastKnownFileType = sourcecode.swift; path = PaymentTransaction.swift; sourceTree = "<group>"; };
		93C329791F5E8E0C00F7A5E7 /* InAppPurchaseTests.swift */ = {isa = PBXFileReference; fileEncoding = 4; lastKnownFileType = sourcecode.swift; path = InAppPurchaseTests.swift; sourceTree = "<group>"; };
		93C3297B1F5E8E2400F7A5E7 /* StubInAppPurchase.swift */ = {isa = PBXFileReference; fileEncoding = 4; lastKnownFileType = sourcecode.swift; path = StubInAppPurchase.swift; sourceTree = "<group>"; };
/* End PBXFileReference section */

/* Begin PBXFrameworksBuildPhase section */
		93396AD725825467006ABE59 /* Frameworks */ = {
			isa = PBXFrameworksBuildPhase;
			buildActionMask = 2147483647;
			files = (
				93396AF225825585006ABE59 /* InAppPurchase.framework in Frameworks */,
			);
			runOnlyForDeploymentPostprocessing = 0;
		};
		938BFA6C1F5E8411006A4C2A /* Frameworks */ = {
			isa = PBXFrameworksBuildPhase;
			buildActionMask = 2147483647;
			files = (
			);
			runOnlyForDeploymentPostprocessing = 0;
		};
		938BFA761F5E8411006A4C2A /* Frameworks */ = {
			isa = PBXFrameworksBuildPhase;
			buildActionMask = 2147483647;
			files = (
				938BFA7A1F5E8411006A4C2A /* InAppPurchase.framework in Frameworks */,
				93396B0225825D28006ABE59 /* InAppPurchaseStubs.framework in Frameworks */,
			);
			runOnlyForDeploymentPostprocessing = 0;
		};
/* End PBXFrameworksBuildPhase section */

/* Begin PBXGroup section */
		009BF76F21673357004CCBD7 /* Internal */ = {
			isa = PBXGroup;
			children = (
				009BF77321673437004CCBD7 /* Internal+InAppPurchase.swift */,
				009BF77021673362004CCBD7 /* Internal+Product.swift */,
				009BF76D21673160004CCBD7 /* Internal.swift */,
				938BFA941F5E856D006A4C2A /* PaymentProvider.swift */,
				938BFA951F5E856D006A4C2A /* ProductProvider.swift */,
				93396ACB25820F8B006ABE59 /* ReceiptRefreshProvider.swift */,
			);
			path = Internal;
			sourceTree = "<group>";
		};
		93396ADB25825467006ABE59 /* InAppPurchaseStubs */ = {
			isa = PBXGroup;
			children = (
				938BFAA31F5E86ED006A4C2A /* Stubs */,
				93396ADC25825467006ABE59 /* InAppPurchaseStubs.h */,
				93396ADD25825467006ABE59 /* Info.plist */,
			);
			path = InAppPurchaseStubs;
			sourceTree = "<group>";
		};
		93396AF125825584006ABE59 /* Frameworks */ = {
			isa = PBXGroup;
			children = (
			);
			name = Frameworks;
			sourceTree = "<group>";
		};
		938BFA661F5E8411006A4C2A = {
			isa = PBXGroup;
			children = (
				93396AF125825584006ABE59 /* Frameworks */,
				938BFA721F5E8411006A4C2A /* InAppPurchase */,
				93396ADB25825467006ABE59 /* InAppPurchaseStubs */,
				938BFA7D1F5E8411006A4C2A /* InAppPurchaseTests */,
				938BFA711F5E8411006A4C2A /* Products */,
			);
			sourceTree = "<group>";
		};
		938BFA711F5E8411006A4C2A /* Products */ = {
			isa = PBXGroup;
			children = (
				938BFA701F5E8411006A4C2A /* InAppPurchase.framework */,
				93396ADA25825467006ABE59 /* InAppPurchaseStubs.framework */,
				938BFA791F5E8411006A4C2A /* InAppPurchaseTests.xctest */,
			);
			name = Products;
			sourceTree = "<group>";
		};
		938BFA721F5E8411006A4C2A /* InAppPurchase */ = {
			isa = PBXGroup;
			children = (
				938BFA931F5E856D006A4C2A /* Sources */,
				938BFA731F5E8411006A4C2A /* InAppPurchase.h */,
				938BFA741F5E8411006A4C2A /* Info.plist */,
			);
			path = InAppPurchase;
			sourceTree = "<group>";
		};
		938BFA7D1F5E8411006A4C2A /* InAppPurchaseTests */ = {
			isa = PBXGroup;
			children = (
				938BFA9C1F5E8697006A4C2A /* Tests */,
				938BFA801F5E8411006A4C2A /* Info.plist */,
			);
			path = InAppPurchaseTests;
			sourceTree = "<group>";
		};
		938BFA931F5E856D006A4C2A /* Sources */ = {
			isa = PBXGroup;
			children = (
				009BF76F21673357004CCBD7 /* Internal */,
				938BFA971F5E856D006A4C2A /* InAppPurchase.swift */,
				93396B052582894F006ABE59 /* PaymentResponse.swift */,
				93396B0725828988006ABE59 /* PaymentState.swift */,
				93C329771F5E8D8000F7A5E7 /* PaymentTransaction.swift */,
				93C329751F5E8D6100F7A5E7 /* Product.swift */,
			);
			path = Sources;
			sourceTree = SOURCE_ROOT;
		};
		938BFA9C1F5E8697006A4C2A /* Tests */ = {
			isa = PBXGroup;
			children = (
				93BCD5AE25CA4B590072EEB1 /* InternalStubs */,
				930FAD851FEA89D3003181D8 /* InAppPurchaseIntegrationTests.swift */,
				93C329791F5E8E0C00F7A5E7 /* InAppPurchaseTests.swift */,
				938BFA9D1F5E8697006A4C2A /* PaymentProviderTests.swift */,
				93C329731F5E8D1D00F7A5E7 /* PaymentTransactionTests.swift */,
				938BFA9E1F5E8697006A4C2A /* ProductProviderTests.swift */,
				93C329711F5E8D0800F7A5E7 /* ProductTests.swift */,
				93396ACF258217BF006ABE59 /* ReceiptRefreshProviderTests.swift */,
			);
			path = Tests;
			sourceTree = SOURCE_ROOT;
		};
		938BFAA31F5E86ED006A4C2A /* Stubs */ = {
			isa = PBXGroup;
			children = (
				93C3297B1F5E8E2400F7A5E7 /* StubInAppPurchase.swift */,
				938BFAA41F5E86ED006A4C2A /* StubPayment.swift */,
				938BFAA61F5E86ED006A4C2A /* StubPaymentQueue.swift */,
				93396B0925828BE6006ABE59 /* StubPaymentResponse.swift */,
				938BFAA71F5E86ED006A4C2A /* StubPaymentTransaction.swift */,
				938BFAA81F5E86ED006A4C2A /* StubProduct.swift */,
				938BFAAA1F5E86ED006A4C2A /* StubProductsRequest.swift */,
				938BFAAB1F5E86ED006A4C2A /* StubProductsResponse.swift */,
				933BE10220D4A381002AA195 /* StubSubscriptionPeriod.swift */,
			);
			path = Stubs;
			sourceTree = "<group>";
		};
		93BCD5AE25CA4B590072EEB1 /* InternalStubs */ = {
			isa = PBXGroup;
			children = (
				93BCD5AF25CA4B590072EEB1 /* StubProductProvider.swift */,
				93BCD5B025CA4B590072EEB1 /* StubPaymentProvider.swift */,
				93BCD5B125CA4B590072EEB1 /* StubReceiptRefreshProvider.swift */,
				93BCD5B225CA4B590072EEB1 /* StubReceiptRefreshRequest.swift */,
			);
			path = InternalStubs;
			sourceTree = "<group>";
		};
/* End PBXGroup section */

/* Begin PBXHeadersBuildPhase section */
		93396AD525825467006ABE59 /* Headers */ = {
			isa = PBXHeadersBuildPhase;
			buildActionMask = 2147483647;
			files = (
				93396AEA25825467006ABE59 /* InAppPurchaseStubs.h in Headers */,
			);
			runOnlyForDeploymentPostprocessing = 0;
		};
		938BFA6D1F5E8411006A4C2A /* Headers */ = {
			isa = PBXHeadersBuildPhase;
			buildActionMask = 2147483647;
			files = (
				938BFA811F5E8411006A4C2A /* InAppPurchase.h in Headers */,
			);
			runOnlyForDeploymentPostprocessing = 0;
		};
/* End PBXHeadersBuildPhase section */

/* Begin PBXNativeTarget section */
		93396AD925825467006ABE59 /* InAppPurchaseStubs */ = {
			isa = PBXNativeTarget;
			buildConfigurationList = 93396AEF25825467006ABE59 /* Build configuration list for PBXNativeTarget "InAppPurchaseStubs" */;
			buildPhases = (
				93396AD525825467006ABE59 /* Headers */,
				93396AD625825467006ABE59 /* Sources */,
				93396AD725825467006ABE59 /* Frameworks */,
				93396AD825825467006ABE59 /* Resources */,
				93396AF625825585006ABE59 /* Embed Frameworks */,
			);
			buildRules = (
			);
			dependencies = (
				93396AF525825585006ABE59 /* PBXTargetDependency */,
			);
			name = InAppPurchaseStubs;
			productName = InAppPurchaseStubs;
			productReference = 93396ADA25825467006ABE59 /* InAppPurchaseStubs.framework */;
			productType = "com.apple.product-type.framework";
		};
		938BFA6F1F5E8411006A4C2A /* InAppPurchase */ = {
			isa = PBXNativeTarget;
			buildConfigurationList = 938BFA841F5E8411006A4C2A /* Build configuration list for PBXNativeTarget "InAppPurchase" */;
			buildPhases = (
				938BFA6B1F5E8411006A4C2A /* Sources */,
				938BFA6C1F5E8411006A4C2A /* Frameworks */,
				938BFA6D1F5E8411006A4C2A /* Headers */,
				938BFA6E1F5E8411006A4C2A /* Resources */,
				93C3297D1F5EA27F00F7A5E7 /* Swiftlint */,
			);
			buildRules = (
			);
			dependencies = (
			);
			name = InAppPurchase;
			productName = InAppPurchase;
			productReference = 938BFA701F5E8411006A4C2A /* InAppPurchase.framework */;
			productType = "com.apple.product-type.framework";
		};
		938BFA781F5E8411006A4C2A /* InAppPurchaseTests */ = {
			isa = PBXNativeTarget;
			buildConfigurationList = 938BFA871F5E8411006A4C2A /* Build configuration list for PBXNativeTarget "InAppPurchaseTests" */;
			buildPhases = (
				938BFA751F5E8411006A4C2A /* Sources */,
				938BFA761F5E8411006A4C2A /* Frameworks */,
				938BFA771F5E8411006A4C2A /* Resources */,
			);
			buildRules = (
			);
			dependencies = (
				938BFA7C1F5E8411006A4C2A /* PBXTargetDependency */,
			);
			name = InAppPurchaseTests;
			productName = InAppPurchaseTests;
			productReference = 938BFA791F5E8411006A4C2A /* InAppPurchaseTests.xctest */;
			productType = "com.apple.product-type.bundle.unit-test";
		};
/* End PBXNativeTarget section */

/* Begin PBXProject section */
		938BFA671F5E8411006A4C2A /* Project object */ = {
			isa = PBXProject;
			attributes = {
				LastSwiftUpdateCheck = 1170;
				LastUpgradeCheck = 1020;
				ORGANIZATIONNAME = "Jin Sasaki";
				TargetAttributes = {
					93396AD925825467006ABE59 = {
						CreatedOnToolsVersion = 11.7;
						ProvisioningStyle = Automatic;
					};
					938BFA6F1F5E8411006A4C2A = {
						CreatedOnToolsVersion = 8.3.3;
						LastSwiftMigration = 0910;
						ProvisioningStyle = Automatic;
					};
					938BFA781F5E8411006A4C2A = {
						CreatedOnToolsVersion = 8.3.3;
						LastSwiftMigration = 1020;
						ProvisioningStyle = Automatic;
					};
				};
			};
			buildConfigurationList = 938BFA6A1F5E8411006A4C2A /* Build configuration list for PBXProject "InAppPurchase" */;
			compatibilityVersion = "Xcode 3.2";
			developmentRegion = en;
			hasScannedForEncodings = 0;
			knownRegions = (
				en,
				Base,
			);
			mainGroup = 938BFA661F5E8411006A4C2A;
			productRefGroup = 938BFA711F5E8411006A4C2A /* Products */;
			projectDirPath = "";
			projectRoot = "";
			targets = (
				938BFA6F1F5E8411006A4C2A /* InAppPurchase */,
				938BFA781F5E8411006A4C2A /* InAppPurchaseTests */,
				93396AD925825467006ABE59 /* InAppPurchaseStubs */,
			);
		};
/* End PBXProject section */

/* Begin PBXResourcesBuildPhase section */
		93396AD825825467006ABE59 /* Resources */ = {
			isa = PBXResourcesBuildPhase;
			buildActionMask = 2147483647;
			files = (
			);
			runOnlyForDeploymentPostprocessing = 0;
		};
		938BFA6E1F5E8411006A4C2A /* Resources */ = {
			isa = PBXResourcesBuildPhase;
			buildActionMask = 2147483647;
			files = (
			);
			runOnlyForDeploymentPostprocessing = 0;
		};
		938BFA771F5E8411006A4C2A /* Resources */ = {
			isa = PBXResourcesBuildPhase;
			buildActionMask = 2147483647;
			files = (
			);
			runOnlyForDeploymentPostprocessing = 0;
		};
/* End PBXResourcesBuildPhase section */

/* Begin PBXShellScriptBuildPhase section */
		93C3297D1F5EA27F00F7A5E7 /* Swiftlint */ = {
			isa = PBXShellScriptBuildPhase;
			buildActionMask = 2147483647;
			files = (
			);
			inputPaths = (
			);
			name = Swiftlint;
			outputPaths = (
			);
			runOnlyForDeploymentPostprocessing = 0;
			shellPath = /bin/sh;
			shellScript = "if which swiftlint >/dev/null; then\n    swiftlint\nelse\n    echo \"warning: SwiftLint not installed, download from https://github.com/realm/SwiftLint\"\nfi\n";
		};
/* End PBXShellScriptBuildPhase section */

/* Begin PBXSourcesBuildPhase section */
		93396AD625825467006ABE59 /* Sources */ = {
			isa = PBXSourcesBuildPhase;
			buildActionMask = 2147483647;
			files = (
				93396AFA25825CD0006ABE59 /* StubInAppPurchase.swift in Sources */,
				93396AFB25825CD0006ABE59 /* StubPayment.swift in Sources */,
				93396AFC25825CD0006ABE59 /* StubPaymentQueue.swift in Sources */,
				93396B0A25828BE6006ABE59 /* StubPaymentResponse.swift in Sources */,
				93396AFD25825CD0006ABE59 /* StubPaymentTransaction.swift in Sources */,
				93396AFE25825CD0006ABE59 /* StubProduct.swift in Sources */,
				93396AFF25825CD0006ABE59 /* StubProductsRequest.swift in Sources */,
				93396B0025825CD0006ABE59 /* StubProductsResponse.swift in Sources */,
				93396B0125825CD0006ABE59 /* StubSubscriptionPeriod.swift in Sources */,
			);
			runOnlyForDeploymentPostprocessing = 0;
		};
		938BFA6B1F5E8411006A4C2A /* Sources */ = {
			isa = PBXSourcesBuildPhase;
			buildActionMask = 2147483647;
			files = (
				938BFA9B1F5E856D006A4C2A /* InAppPurchase.swift in Sources */,
				009BF77421673437004CCBD7 /* Internal+InAppPurchase.swift in Sources */,
				009BF77121673362004CCBD7 /* Internal+Product.swift in Sources */,
				009BF76E21673160004CCBD7 /* Internal.swift in Sources */,
				938BFA981F5E856D006A4C2A /* PaymentProvider.swift in Sources */,
				93396B062582894F006ABE59 /* PaymentResponse.swift in Sources */,
				93396B0825828988006ABE59 /* PaymentState.swift in Sources */,
				93C329781F5E8D8000F7A5E7 /* PaymentTransaction.swift in Sources */,
				93C329761F5E8D6100F7A5E7 /* Product.swift in Sources */,
				938BFA991F5E856D006A4C2A /* ProductProvider.swift in Sources */,
				93396ACC25820F8B006ABE59 /* ReceiptRefreshProvider.swift in Sources */,
			);
			runOnlyForDeploymentPostprocessing = 0;
		};
		938BFA751F5E8411006A4C2A /* Sources */ = {
			isa = PBXSourcesBuildPhase;
			buildActionMask = 2147483647;
			files = (
				93BCD5B625CA4B590072EEB1 /* StubReceiptRefreshRequest.swift in Sources */,
				93BCD5B525CA4B590072EEB1 /* StubReceiptRefreshProvider.swift in Sources */,
				930FAD861FEA89D3003181D8 /* InAppPurchaseIntegrationTests.swift in Sources */,
				93BCD5B425CA4B590072EEB1 /* StubPaymentProvider.swift in Sources */,
				93C3297A1F5E8E0C00F7A5E7 /* InAppPurchaseTests.swift in Sources */,
				938BFAA01F5E8697006A4C2A /* PaymentProviderTests.swift in Sources */,
				93C329741F5E8D1D00F7A5E7 /* PaymentTransactionTests.swift in Sources */,
				938BFAA11F5E8697006A4C2A /* ProductProviderTests.swift in Sources */,
				93C329721F5E8D0800F7A5E7 /* ProductTests.swift in Sources */,
				93BCD5B325CA4B590072EEB1 /* StubProductProvider.swift in Sources */,
				93396AD0258217BF006ABE59 /* ReceiptRefreshProviderTests.swift in Sources */,
			);
			runOnlyForDeploymentPostprocessing = 0;
		};
/* End PBXSourcesBuildPhase section */

/* Begin PBXTargetDependency section */
		93396AF525825585006ABE59 /* PBXTargetDependency */ = {
			isa = PBXTargetDependency;
			target = 938BFA6F1F5E8411006A4C2A /* InAppPurchase */;
			targetProxy = 93396AF425825585006ABE59 /* PBXContainerItemProxy */;
		};
		938BFA7C1F5E8411006A4C2A /* PBXTargetDependency */ = {
			isa = PBXTargetDependency;
			target = 938BFA6F1F5E8411006A4C2A /* InAppPurchase */;
			targetProxy = 938BFA7B1F5E8411006A4C2A /* PBXContainerItemProxy */;
		};
/* End PBXTargetDependency section */

/* Begin XCBuildConfiguration section */
		93396AEB25825467006ABE59 /* Debug */ = {
			isa = XCBuildConfiguration;
			buildSettings = {
				CLANG_CXX_LANGUAGE_STANDARD = "gnu++14";
				CLANG_ENABLE_OBJC_WEAK = YES;
				CLANG_WARN_UNGUARDED_AVAILABILITY = YES_AGGRESSIVE;
				CODE_SIGN_STYLE = Automatic;
				DEFINES_MODULE = YES;
				DYLIB_COMPATIBILITY_VERSION = 1;
				DYLIB_CURRENT_VERSION = 1;
				DYLIB_INSTALL_NAME_BASE = "@rpath";
				GCC_C_LANGUAGE_STANDARD = gnu11;
				INFOPLIST_FILE = InAppPurchaseStubs/Info.plist;
				INSTALL_PATH = "$(LOCAL_LIBRARY_DIR)/Frameworks";
				LD_RUNPATH_SEARCH_PATHS = "$(inherited) @executable_path/Frameworks @loader_path/Frameworks";
				MTL_ENABLE_DEBUG_INFO = INCLUDE_SOURCE;
				MTL_FAST_MATH = YES;
				PRODUCT_BUNDLE_IDENTIFIER = jp.sasakky.InAppPurchaseStubs;
				PRODUCT_NAME = "$(TARGET_NAME:c99extidentifier)";
				SKIP_INSTALL = YES;
				SWIFT_VERSION = 5.0;
				TARGETED_DEVICE_FAMILY = "1,2";
			};
			name = Debug;
		};
		93396AEC25825467006ABE59 /* Release */ = {
			isa = XCBuildConfiguration;
			buildSettings = {
				CLANG_CXX_LANGUAGE_STANDARD = "gnu++14";
				CLANG_ENABLE_OBJC_WEAK = YES;
				CLANG_WARN_UNGUARDED_AVAILABILITY = YES_AGGRESSIVE;
				CODE_SIGN_STYLE = Automatic;
				DEFINES_MODULE = YES;
				DYLIB_COMPATIBILITY_VERSION = 1;
				DYLIB_CURRENT_VERSION = 1;
				DYLIB_INSTALL_NAME_BASE = "@rpath";
				GCC_C_LANGUAGE_STANDARD = gnu11;
				INFOPLIST_FILE = InAppPurchaseStubs/Info.plist;
				INSTALL_PATH = "$(LOCAL_LIBRARY_DIR)/Frameworks";
				LD_RUNPATH_SEARCH_PATHS = "$(inherited) @executable_path/Frameworks @loader_path/Frameworks";
				MTL_FAST_MATH = YES;
				PRODUCT_BUNDLE_IDENTIFIER = jp.sasakky.InAppPurchaseStubs;
				PRODUCT_NAME = "$(TARGET_NAME:c99extidentifier)";
				SKIP_INSTALL = YES;
				SWIFT_VERSION = 5.0;
				TARGETED_DEVICE_FAMILY = "1,2";
			};
			name = Release;
		};
		938BFA821F5E8411006A4C2A /* Debug */ = {
			isa = XCBuildConfiguration;
			buildSettings = {
				ALWAYS_SEARCH_USER_PATHS = NO;
				CLANG_ANALYZER_NONNULL = YES;
				CLANG_ANALYZER_NUMBER_OBJECT_CONVERSION = YES_AGGRESSIVE;
				CLANG_CXX_LANGUAGE_STANDARD = "gnu++0x";
				CLANG_CXX_LIBRARY = "libc++";
				CLANG_ENABLE_MODULES = YES;
				CLANG_ENABLE_OBJC_ARC = YES;
				CLANG_WARN_BLOCK_CAPTURE_AUTORELEASING = YES;
				CLANG_WARN_BOOL_CONVERSION = YES;
				CLANG_WARN_COMMA = YES;
				CLANG_WARN_CONSTANT_CONVERSION = YES;
				CLANG_WARN_DEPRECATED_OBJC_IMPLEMENTATIONS = YES;
				CLANG_WARN_DIRECT_OBJC_ISA_USAGE = YES_ERROR;
				CLANG_WARN_DOCUMENTATION_COMMENTS = YES;
				CLANG_WARN_EMPTY_BODY = YES;
				CLANG_WARN_ENUM_CONVERSION = YES;
				CLANG_WARN_INFINITE_RECURSION = YES;
				CLANG_WARN_INT_CONVERSION = YES;
				CLANG_WARN_NON_LITERAL_NULL_CONVERSION = YES;
				CLANG_WARN_OBJC_IMPLICIT_RETAIN_SELF = YES;
				CLANG_WARN_OBJC_LITERAL_CONVERSION = YES;
				CLANG_WARN_OBJC_ROOT_CLASS = YES_ERROR;
				CLANG_WARN_RANGE_LOOP_ANALYSIS = YES;
				CLANG_WARN_STRICT_PROTOTYPES = YES;
				CLANG_WARN_SUSPICIOUS_MOVE = YES;
				CLANG_WARN_UNREACHABLE_CODE = YES;
				CLANG_WARN__DUPLICATE_METHOD_MATCH = YES;
				"CODE_SIGN_IDENTITY[sdk=iphoneos*]" = "iPhone Developer";
				COPY_PHASE_STRIP = NO;
				CURRENT_PROJECT_VERSION = 1;
				DEBUG_INFORMATION_FORMAT = dwarf;
				ENABLE_STRICT_OBJC_MSGSEND = YES;
				ENABLE_TESTABILITY = YES;
				GCC_C_LANGUAGE_STANDARD = gnu99;
				GCC_DYNAMIC_NO_PIC = NO;
				GCC_NO_COMMON_BLOCKS = YES;
				GCC_OPTIMIZATION_LEVEL = 0;
				GCC_PREPROCESSOR_DEFINITIONS = (
					"DEBUG=1",
					"$(inherited)",
				);
				GCC_WARN_64_TO_32_BIT_CONVERSION = YES;
				GCC_WARN_ABOUT_RETURN_TYPE = YES_ERROR;
				GCC_WARN_UNDECLARED_SELECTOR = YES;
				GCC_WARN_UNINITIALIZED_AUTOS = YES_AGGRESSIVE;
				GCC_WARN_UNUSED_FUNCTION = YES;
				GCC_WARN_UNUSED_VARIABLE = YES;
				IPHONEOS_DEPLOYMENT_TARGET = 9.0;
				MTL_ENABLE_DEBUG_INFO = YES;
				ONLY_ACTIVE_ARCH = YES;
				SDKROOT = iphoneos;
				SWIFT_ACTIVE_COMPILATION_CONDITIONS = DEBUG;
				SWIFT_OPTIMIZATION_LEVEL = "-Onone";
				SWIFT_VERSION = 4.0;
				TARGETED_DEVICE_FAMILY = "1,2";
				VERSIONING_SYSTEM = "apple-generic";
				VERSION_INFO_PREFIX = "";
			};
			name = Debug;
		};
		938BFA831F5E8411006A4C2A /* Release */ = {
			isa = XCBuildConfiguration;
			buildSettings = {
				ALWAYS_SEARCH_USER_PATHS = NO;
				CLANG_ANALYZER_NONNULL = YES;
				CLANG_ANALYZER_NUMBER_OBJECT_CONVERSION = YES_AGGRESSIVE;
				CLANG_CXX_LANGUAGE_STANDARD = "gnu++0x";
				CLANG_CXX_LIBRARY = "libc++";
				CLANG_ENABLE_MODULES = YES;
				CLANG_ENABLE_OBJC_ARC = YES;
				CLANG_WARN_BLOCK_CAPTURE_AUTORELEASING = YES;
				CLANG_WARN_BOOL_CONVERSION = YES;
				CLANG_WARN_COMMA = YES;
				CLANG_WARN_CONSTANT_CONVERSION = YES;
				CLANG_WARN_DEPRECATED_OBJC_IMPLEMENTATIONS = YES;
				CLANG_WARN_DIRECT_OBJC_ISA_USAGE = YES_ERROR;
				CLANG_WARN_DOCUMENTATION_COMMENTS = YES;
				CLANG_WARN_EMPTY_BODY = YES;
				CLANG_WARN_ENUM_CONVERSION = YES;
				CLANG_WARN_INFINITE_RECURSION = YES;
				CLANG_WARN_INT_CONVERSION = YES;
				CLANG_WARN_NON_LITERAL_NULL_CONVERSION = YES;
				CLANG_WARN_OBJC_IMPLICIT_RETAIN_SELF = YES;
				CLANG_WARN_OBJC_LITERAL_CONVERSION = YES;
				CLANG_WARN_OBJC_ROOT_CLASS = YES_ERROR;
				CLANG_WARN_RANGE_LOOP_ANALYSIS = YES;
				CLANG_WARN_STRICT_PROTOTYPES = YES;
				CLANG_WARN_SUSPICIOUS_MOVE = YES;
				CLANG_WARN_UNREACHABLE_CODE = YES;
				CLANG_WARN__DUPLICATE_METHOD_MATCH = YES;
				"CODE_SIGN_IDENTITY[sdk=iphoneos*]" = "iPhone Developer";
				COPY_PHASE_STRIP = NO;
				CURRENT_PROJECT_VERSION = 1;
				DEBUG_INFORMATION_FORMAT = "dwarf-with-dsym";
				ENABLE_NS_ASSERTIONS = NO;
				ENABLE_STRICT_OBJC_MSGSEND = YES;
				GCC_C_LANGUAGE_STANDARD = gnu99;
				GCC_NO_COMMON_BLOCKS = YES;
				GCC_WARN_64_TO_32_BIT_CONVERSION = YES;
				GCC_WARN_ABOUT_RETURN_TYPE = YES_ERROR;
				GCC_WARN_UNDECLARED_SELECTOR = YES;
				GCC_WARN_UNINITIALIZED_AUTOS = YES_AGGRESSIVE;
				GCC_WARN_UNUSED_FUNCTION = YES;
				GCC_WARN_UNUSED_VARIABLE = YES;
				IPHONEOS_DEPLOYMENT_TARGET = 9.0;
				MTL_ENABLE_DEBUG_INFO = NO;
				SDKROOT = iphoneos;
				SWIFT_OPTIMIZATION_LEVEL = "-Owholemodule";
				SWIFT_VERSION = 4.0;
				TARGETED_DEVICE_FAMILY = "1,2";
				VALIDATE_PRODUCT = YES;
				VERSIONING_SYSTEM = "apple-generic";
				VERSION_INFO_PREFIX = "";
			};
			name = Release;
		};
		938BFA851F5E8411006A4C2A /* Debug */ = {
			isa = XCBuildConfiguration;
			buildSettings = {
				CODE_SIGN_IDENTITY = "";
				DEFINES_MODULE = YES;
				DYLIB_COMPATIBILITY_VERSION = 1;
				DYLIB_CURRENT_VERSION = 1;
				DYLIB_INSTALL_NAME_BASE = "@rpath";
				INFOPLIST_FILE = InAppPurchase/Info.plist;
				INSTALL_PATH = "$(LOCAL_LIBRARY_DIR)/Frameworks";
				LD_RUNPATH_SEARCH_PATHS = "$(inherited) @executable_path/Frameworks @loader_path/Frameworks";
				PRODUCT_BUNDLE_IDENTIFIER = jp.sasakky.InAppPurchase;
				PRODUCT_NAME = "$(TARGET_NAME)";
				SKIP_INSTALL = YES;
				SWIFT_VERSION = 5.0;
			};
			name = Debug;
		};
		938BFA861F5E8411006A4C2A /* Release */ = {
			isa = XCBuildConfiguration;
			buildSettings = {
				CODE_SIGN_IDENTITY = "";
				DEFINES_MODULE = YES;
				DYLIB_COMPATIBILITY_VERSION = 1;
				DYLIB_CURRENT_VERSION = 1;
				DYLIB_INSTALL_NAME_BASE = "@rpath";
				INFOPLIST_FILE = InAppPurchase/Info.plist;
				INSTALL_PATH = "$(LOCAL_LIBRARY_DIR)/Frameworks";
				LD_RUNPATH_SEARCH_PATHS = "$(inherited) @executable_path/Frameworks @loader_path/Frameworks";
				PRODUCT_BUNDLE_IDENTIFIER = jp.sasakky.InAppPurchase;
				PRODUCT_NAME = "$(TARGET_NAME)";
				SKIP_INSTALL = YES;
				SWIFT_VERSION = 5.0;
			};
			name = Release;
		};
		938BFA881F5E8411006A4C2A /* Debug */ = {
			isa = XCBuildConfiguration;
			buildSettings = {
				ALWAYS_EMBED_SWIFT_STANDARD_LIBRARIES = YES;
				INFOPLIST_FILE = InAppPurchaseTests/Info.plist;
				LD_RUNPATH_SEARCH_PATHS = "$(inherited) @executable_path/Frameworks @loader_path/Frameworks";
				PRODUCT_BUNDLE_IDENTIFIER = jp.sasakky.InAppPurchaseTests;
				PRODUCT_NAME = "$(TARGET_NAME)";
				SWIFT_VERSION = 5.0;
			};
			name = Debug;
		};
		938BFA891F5E8411006A4C2A /* Release */ = {
			isa = XCBuildConfiguration;
			buildSettings = {
				ALWAYS_EMBED_SWIFT_STANDARD_LIBRARIES = YES;
				INFOPLIST_FILE = InAppPurchaseTests/Info.plist;
				LD_RUNPATH_SEARCH_PATHS = "$(inherited) @executable_path/Frameworks @loader_path/Frameworks";
				PRODUCT_BUNDLE_IDENTIFIER = jp.sasakky.InAppPurchaseTests;
				PRODUCT_NAME = "$(TARGET_NAME)";
				SWIFT_VERSION = 5.0;
			};
			name = Release;
		};
/* End XCBuildConfiguration section */

/* Begin XCConfigurationList section */
		93396AEF25825467006ABE59 /* Build configuration list for PBXNativeTarget "InAppPurchaseStubs" */ = {
			isa = XCConfigurationList;
			buildConfigurations = (
				93396AEB25825467006ABE59 /* Debug */,
				93396AEC25825467006ABE59 /* Release */,
			);
			defaultConfigurationIsVisible = 0;
			defaultConfigurationName = Release;
		};
		938BFA6A1F5E8411006A4C2A /* Build configuration list for PBXProject "InAppPurchase" */ = {
			isa = XCConfigurationList;
			buildConfigurations = (
				938BFA821F5E8411006A4C2A /* Debug */,
				938BFA831F5E8411006A4C2A /* Release */,
			);
			defaultConfigurationIsVisible = 0;
			defaultConfigurationName = Release;
		};
		938BFA841F5E8411006A4C2A /* Build configuration list for PBXNativeTarget "InAppPurchase" */ = {
			isa = XCConfigurationList;
			buildConfigurations = (
				938BFA851F5E8411006A4C2A /* Debug */,
				938BFA861F5E8411006A4C2A /* Release */,
			);
			defaultConfigurationIsVisible = 0;
			defaultConfigurationName = Release;
		};
		938BFA871F5E8411006A4C2A /* Build configuration list for PBXNativeTarget "InAppPurchaseTests" */ = {
			isa = XCConfigurationList;
			buildConfigurations = (
				938BFA881F5E8411006A4C2A /* Debug */,
				938BFA891F5E8411006A4C2A /* Release */,
			);
			defaultConfigurationIsVisible = 0;
			defaultConfigurationName = Release;
		};
/* End XCConfigurationList section */
	};
	rootObject = 938BFA671F5E8411006A4C2A /* Project object */;
}
